version = 1
revision = 2
requires-python = ">=3.12"

[[package]]
name = "mysql-connector-python"
version = "26.7.0"
source = { registry = "https://pypi.org/simple" }
sdist = { url = "https://files.pythonhosted.org/packages/f2/ce/a53b169388f8c6a595cfa9a653138381f3afef1d2af60f5c1972d015f52f/mysql_connector_python-26.7.0.tar.gz", hash = "sha256:d8ff5ee236ea46661ee639336323e124ed868e37f3ea991bdc5de5a146f39fd5", size = 12256009, upload-time = "2026-07-29T10:24:13.314Z" }
wheels = [
    { url = "https://files.pythonhosted.org/packages/e3/24/8c3516ee9edc3d740059253410bcb30a0dd7686bfd876eb905af6b92b4e6/mysql_connector_python-26.7.0-cp312-cp312-macosx_14_0_arm64.whl", hash = "sha256:9b63672cc381f097966faecd6940beb2a91f9efdf674a5807dc45f4efdb42e62", size = 20279974, upload-time = "2026-07-29T10:18:12.334Z" },
    { url = "https://files.pythonhosted.org/packages/ad/9c/d2f705d2caaf2c91d05bdea0d67dde7cc243a62245ee91fba4e201e24ea1/mysql_connector_python-26.7.0-cp312-cp312-macosx_14_0_x86_64.whl", hash = "sha256:375f9a042398e515a670003f26ab07e9b2ecaecba6eaf678f66fb5c2d36bd305", size = 19840279, upload-time = "2026-07-29T10:18:15.057Z" },
    { url = "https://files.pythonhosted.org/packages/4f/1c/73b9f540fbbcf78949e00d673db576f61ab93e7824e31dfb568295e58f2c/mysql_connector_python-26.7.0-cp312-cp312-manylinux_2_28_aarch64.whl", hash = "sha256:227063e73c3d7b0326bc6ce9af47b8aa081e53a4e97e8683bba658569cb57271", size = 21954262, upload-time = "2026-07-29T10:18:18.148Z" },
    { url = "https://files.pythonhosted.org/packages/2d/0c/7dc1c1367a6a7881f20b0ed8bf92133d4710ea0dce22657972f56bf2a365/mysql_connector_python-26.7.0-cp312-cp312-manylinux_2_28_x86_64.whl", hash = "sha256:e118030bdd6a9882f5aa80a0c0c88d684d0e82d78747e5baf3c3e54a5a2d1348", size = 21746245, upload-time = "2026-07-29T10:18:20.65Z" },
    { url = "https://files.pythonhosted.org/packages/59/d1/1988f561be35527ab8a8906d97f52b60160ef50578cbe13096c66ef9d41a/mysql_connector_python-26.7.0-cp313-cp313-macosx_14_0_arm64.whl", hash = "sha256:2be2f5b8ffc66bac305afee970256e74b2bc1d072cd0d21a277af3c9ff5fcb1d", size = 20280143, upload-time = "2026-07-29T10:18:22.998Z" },
    { url = "https://files.pythonhosted.org/packages/2e/78/d13a243bcc7299dfc74265f4896a1bf3c09d230b81f505c9da99593a4246/mysql_connector_python-26.7.0-cp313-cp313-macosx_14_0_x86_64.whl", hash = "sha256:6e2d06c653c7f18ae91c5899e62210565660c871941769b1725c8dfa98da66b8", size = 19840273, upload-time = "2026-07-29T10:18:25.85Z" },
    { url = "https://files.pythonhosted.org/packages/40/cc/93c38d25b0c1b0b784b7cf7a94699b5d6379ce315329f9e789e827cd50d0/mysql_connector_python-26.7.0-cp313-cp313-manylinux_2_28_aarch64.whl", hash = "sha256:9f8fde7f909891bc5093f63e3b78a8f80b637591d8f77591a758cf78541325b8", size = 21954459, upload-time = "2026-07-29T10:18:28.76Z" },
    { url = "https://files.pythonhosted.org/packages/33/5a/ffc4663fb061f612b6efe2afc3b1c94cec4de86af8b4736935010c159263/mysql_connector_python-26.7.0-cp313-cp313-manylinux_2_28_x86_64.whl", hash = "sha256:ec8fe2f5af701d3146a6e31ef2fce293f2418c148a99df7c9917f87cfcdaea93", size = 21746465, upload-time = "2026-07-29T10:18:31.331Z" },
    { url = "https://files.pythonhosted.org/packages/78/68/1ee48a7c2c1104e6fe6cf8a98d6fbdba547d72331a3d1352fe2443e3cf95/mysql_connector_python-26.7.0-cp313-cp313-win_amd64.whl", hash = "sha256:fd10764bd6dadb0ad44475126a87d184dac519712874459ab5f3976c23314f22", size = 17682618, upload-time = "2026-07-29T10:18:33.684Z" },
    { url = "https://files.pythonhosted.org/packages/eb/46/a2383cebea1cf22e07a0bc7b6e5035baac04de18415df188d257b68abab2/mysql_connector_python-26.7.0-cp314-cp314-macosx_14_0_arm64.whl", hash = "sha256:c02cc3d5e4763ddc960fce521bd353b242cfec4c6a936234916f2597bfd656cd", size = 20280169, upload-time = "2026-07-29T10:18:38.298Z" },
    { url = "https://files.pythonhosted.org/packages/62/4b/200023b5628ac075c1182c62999195dc096aeaf24787f0697f0830a886c4/mysql_connector_python-26.7.0-cp314-cp314-macosx_14_0_x86_64.whl", hash = "sha256:32f63bbf069b242921c13de05e56857625e167d64fc7fa4f15e05478d78c56fe", size = 19840283, upload-time = "2026-07-29T10:18:40.451Z" },
    { url = "https://files.pythonhosted.org/packages/74/7c/e57f2dada0a371c37715b2e402bf7b403718a265aa8afd341c91a7674d97/mysql_connector_python-26.7.0-cp314-cp314-manylinux_2_28_aarch64.whl", hash = "sha256:a86c988f033d3e116c5d326931aabae340ebef0425399bcd5f076af877ae0fbc", size = 21956488, upload-time = "2026-07-29T10:18:42.91Z" },
    { url = "https://files.pythonhosted.org/packages/02/be/c57e60d49e481cd8a7e5ab0ed874bf18dc90f32aed6d3953213ddbb7d86a/mysql_connector_python-26.7.0-cp314-cp314-manylinux_2_28_x86_64.whl", hash = "sha256:76cffea9fc0cd9d4d5c79935a18342d9680f2c0dc0d5675b966b3df06229f238", size = 21747047, upload-time = "2026-07-29T10:18:45.719Z" },
    { url = "https://files.pythonhosted.org/packages/34/a6/946645e3c7e8feb159c97b2e8f612075e4ec08c0fb7d26d310d7e1b0e22c/mysql_connector_python-26.7.0-cp314-cp314-win_amd64.whl", hash = "sha256:a4eac2b4bcbf18fbaab736b5c3996425728472fea7b3d71a8c7056aa6349471f", size = 18207344, upload-time = "2026-07-29T10:18:47.926Z" },
    { url = "https://files.pythonhosted.org/packages/ff/01/07efeb3e3fc730f945af40ddf1f4c879c13945b193a94eba8e642c0d4176/mysql_connector_python-26.7.0-py2.py3-none-any.whl", hash = "sha256:43ee453b53556f690e4f4b795d3f17a1c6d4b45f729657bb0d999c8dfc9261d5", size = 480733, upload-time = "2026-07-29T10:18:49.777Z" },
]

[[package]]
name = "python-decouple"
version = "3.8"
source = { registry = "https://pypi.org/simple" }
sdist = { url = "https://files.pythonhosted.org/packages/e1/97/373dcd5844ec0ea5893e13c39a2c67e7537987ad8de3842fe078db4582fa/python-decouple-3.8.tar.gz", hash = "sha256:ba6e2657d4f376ecc46f77a3a615e058d93ba5e465c01bbe57289bfb7cce680f", size = 9612, upload-time = "2023-03-01T19:38:38.143Z" }
wheels = [
    { url = "https://files.pythonhosted.org/packages/a2/d4/9193206c4563ec771faf2ccf54815ca7918529fe81f6adb22ee6d0e06622/python_decouple-3.8-py3-none-any.whl", hash = "sha256:d0d45340815b25f4de59c974b855bb38d03151d81b037d9e3f463b0c9f8cbd66", size = 9947, upload-time = "2023-03-01T19:38:36.015Z" },
]

[[package]]
name = "python-sql"
version = "0.1.0"
source = { virtual = "." }
dependencies = [
    { name = "mysql-connector-python" },
    { name = "python-decouple" },
]

[package.metadata]
requires-dist = [
    { name = "mysql-connector-python", specifier = ">=26.7.0" },
    { name = "python-decouple", specifier = ">=3.8" },
]
